
Microsoft Visual Studio Solution File, Format Version 12.00
# Visual Studio Version 17
VisualStudioVersion = 17.6.33723.286
MinimumVisualStudioVersion = 10.0.40219.1
Project("{FAE04EC0-301F-11D3-BF4B-00C04F79EFBC}") = "marcadores-TP", "marcadores-TP.csproj", "{659A81B8-0A71-407C-84B5-B1C65AB11800}"
EndProject
Global
	GlobalSection(SolutionConfigurationPlatforms) = preSolution
		Debug|Any CPU = Debug|Any CPU
		Release|Any CPU = Release|Any CPU
	EndGlobalSection
	GlobalSection(ProjectConfigurationPlatforms) = postSolution
		{659A81B8-0A71-407C-84B5-B1C65AB11800}.Debug|Any CPU.ActiveCfg = Debug|Any CPU
		{659A81B8-0A71-407C-84B5-B1C65AB11800}.Debug|Any CPU.Build.0 = Debug|Any CPU
		{659A81B8-0A71-407C-84B5-B1C65AB11800}.Release|Any CPU.ActiveCfg = Release|Any CPU
		{659A81B8-0A71-407C-84B5-B1C65AB11800}.Release|Any CPU.Build.0 = Release|Any CPU
	EndGlobalSection
	GlobalSection(SolutionProperties) = preSolution
		HideSolutionNode = FALSE
	EndGlobalSection
	GlobalSection(ExtensibilityGlobals) = postSolution
		SolutionGuid = {3C55364B-8835-4FDF-9F0B-3F1DDAE2567F}
	EndGlobalSection
EndGlobal
